// !$*UTF8*$!
{
	archiveVersion = 1;
	classes = {
	};
	objectVersion = 50;
	objects = {

/* Begin PBXBuildFile section */
		356D804026EC150F005B98FD /* AppDelegate.swift in Sources */ = {isa = PBXBuildFile; fileRef = 356D803F26EC150F005B98FD /* AppDelegate.swift */; };
		356D804226EC150F005B98FD /* GameScene.sks in Resources */ = {isa = PBXBuildFile; fileRef = 356D804126EC150F005B98FD /* GameScene.sks */; };
		356D804426EC150F005B98FD /* Actions.sks in Resources */ = {isa = PBXBuildFile; fileRef = 356D804326EC150F005B98FD /* Actions.sks */; };
		356D804626EC150F005B98FD /* GameScene.swift in Sources */ = {isa = PBXBuildFile; fileRef = 356D804526EC150F005B98FD /* GameScene.swift */; };
		356D804826EC150F005B98FD /* GameViewController.swift in Sources */ = {isa = PBXBuildFile; fileRef = 356D804726EC150F005B98FD /* GameViewController.swift */; };
		356D804B26EC150F005B98FD /* Main.storyboard in Resources */ = {isa = PBXBuildFile; fileRef = 356D804926EC150F005B98FD /* Main.storyboard */; };
		356D804D26EC1517005B98FD /* Assets.xcassets in Resources */ = {isa = PBXBuildFile; fileRef = 356D804C26EC1517005B98FD /* Assets.xcassets */; };
		35DCE3D726ED79F800585757 /* Assets.xcassets in Resources */ = {isa = PBXBuildFile; fileRef = 35DCE3D526ED79F800585757 /* Assets.xcassets */; };
		35DCE3DB26ED971900585757 /* Explosion.sks in Resources */ = {isa = PBXBuildFile; fileRef = 35DCE3DA26ED971900585757 /* Explosion.sks */; };
/* End PBXBuildFile section */

/* Begin PBXFileReference section */
		356D803C26EC150F005B98FD /* shooting-game.app */ = {isa = PBXFileReference; explicitFileType = wrapper.application; includeInIndex = 0; path = "shooting-game.app"; sourceTree = BUILT_PRODUCTS_DIR; };
		356D803F26EC150F005B98FD /* AppDelegate.swift */ = {isa = PBXFileReference; lastKnownFileType = sourcecode.swift; path = AppDelegate.swift; sourceTree = "<group>"; };
		356D804126EC150F005B98FD /* GameScene.sks */ = {isa = PBXFileReference; lastKnownFileType = file.sks; path = GameScene.sks; sourceTree = "<group>"; };
		356D804326EC150F005B98FD /* Actions.sks */ = {isa = PBXFileReference; lastKnownFileType = file.sks; path = Actions.sks; sourceTree = "<group>"; };
		356D804526EC150F005B98FD /* GameScene.swift */ = {isa = PBXFileReference; lastKnownFileType = sourcecode.swift; path = GameScene.swift; sourceTree = "<group>"; };
		356D804726EC150F005B98FD /* GameViewController.swift */ = {isa = PBXFileReference; lastKnownFileType = sourcecode.swift; path = GameViewController.swift; sourceTree = "<group>"; };
		356D804A26EC150F005B98FD /* Base */ = {isa = PBXFileReference; lastKnownFileType = file.storyboard; name = Base; path = Base.lproj/Main.storyboard; sourceTree = "<group>"; };
		356D804C26EC1517005B98FD /* Assets.xcassets */ = {isa = PBXFileReference; lastKnownFileType = folder.assetcatalog; path = Assets.xcassets; sourceTree = "<group>"; };
		356D804E26EC1517005B98FD /* Info.plist */ = {isa = PBXFileReference; lastKnownFileType = text.plist.xml; path = Info.plist; sourceTree = "<group>"; };
		35DCE3D526ED79F800585757 /* Assets.xcassets */ = {isa = PBXFileReference; lastKnownFileType = folder.assetcatalog; path = Assets.xcassets; sourceTree = "<group>"; };
		35DCE3DA26ED971900585757 /* Explosion.sks */ = {isa = PBXFileReference; lastKnownFileType = file.sks; path = Explosion.sks; sourceTree = "<group>"; };
/* End PBXFileReference section */

/* Begin PBXFrameworksBuildPhase section */
		356D803926EC150F005B98FD /* Frameworks */ = {
			isa = PBXFrameworksBuildPhase;
			buildActionMask = 2147483647;
			files = (
			);
			runOnlyForDeploymentPostprocessing = 0;
		};
/* End PBXFrameworksBuildPhase section */

/* Begin PBXGroup section */
		356D803326EC150F005B98FD = {
			isa = PBXGroup;
			children = (
				35DCE3D526ED79F800585757 /* Assets.xcassets */,
				356D803E26EC150F005B98FD /* shooting-game */,
				356D803D26EC150F005B98FD /* Products */,
			);
			sourceTree = "<group>";
		};
		356D803D26EC150F005B98FD /* Products */ = {
			isa = PBXGroup;
			children = (
				356D803C26EC150F005B98FD /* shooting-game.app */,
			);
			name = Products;
			sourceTree = "<group>";
		};
		356D803E26EC150F005B98FD /* shooting-game */ = {
			isa = PBXGroup;
			children = (
				35DCE3DA26ED971900585757 /* Explosion.sks */,
				356D803F26EC150F005B98FD /* AppDelegate.swift */,
				356D804126EC150F005B98FD /* GameScene.sks */,
				356D804326EC150F005B98FD /* Actions.sks */,
				356D804526EC150F005B98FD /* GameScene.swift */,
				356D804726EC150F005B98FD /* GameViewController.swift */,
				356D804926EC150F005B98FD /* Main.storyboard */,
				356D804C26EC1517005B98FD /* Assets.xcassets */,
				356D804E26EC1517005B98FD /* Info.plist */,
			);
			path = "shooting-game";
			sourceTree = "<group>";
		};
/* End PBXGroup section */

/* Begin PBXNativeTarget section */
		356D803B26EC150F005B98FD /* shooting-game */ = {
			isa = PBXNativeTarget;
			buildConfigurationList = 356D805126EC1517005B98FD /* Build configuration list for PBXNativeTarget "shooting-game" */;
			buildPhases = (
				356D803826EC150F005B98FD /* Sources */,
				356D803926EC150F005B98FD /* Frameworks */,
				356D803A26EC150F005B98FD /* Resources */,
			);
			buildRules = (
			);
			dependencies = (
			);
			name = "shooting-game";
			productName = "shooting-game";
			productReference = 356D803C26EC150F005B98FD /* shooting-game.app */;
			productType = "com.apple.product-type.application";
		};
/* End PBXNativeTarget section */

/* Begin PBXProject section */
		356D803426EC150F005B98FD /* Project object */ = {
			isa = PBXProject;
			attributes = {
				LastSwiftUpdateCheck = 1250;
				LastUpgradeCheck = 1250;
				TargetAttributes = {
					356D803B26EC150F005B98FD = {
						CreatedOnToolsVersion = 12.5;
					};
				};
			};
			buildConfigurationList = 356D803726EC150F005B98FD /* Build configuration list for PBXProject "shooting-game" */;
			compatibilityVersion = "Xcode 9.3";
			developmentRegion = en;
			hasScannedForEncodings = 0;
			knownRegions = (
				en,
				Base,
			);
			mainGroup = 356D803326EC150F005B98FD;
			productRefGroup = 356D803D26EC150F005B98FD /* Products */;
			projectDirPath = "";
			projectRoot = "";
			targets = (
				356D803B26EC150F005B98FD /* shooting-game */,
			);
		};
/* End PBXProject section */

/* Begin PBXResourcesBuildPhase section */
		356D803A26EC150F005B98FD /* Resources */ = {
			isa = PBXResourcesBuildPhase;
			buildActionMask = 2147483647;
			files = (
				356D804B26EC150F005B98FD /* Main.storyboard in Resources */,
				356D804226EC150F005B98FD /* GameScene.sks in Resources */,
				356D804D26EC1517005B98FD /* Assets.xcassets in Resources */,
				35DCE3D726ED79F800585757 /* Assets.xcassets in Resources */,
				356D804426EC150F005B98FD /* Actions.sks in Resources */,
				35DCE3DB26ED971900585757 /* Explosion.sks in Resources */,
			);
			runOnlyForDeploymentPostprocessing = 0;
		};
/* End PBXResourcesBuildPhase section */

/* Begin PBXSourcesBuildPhase section */
		356D803826EC150F005B98FD /* Sources */ = {
			isa = PBXSourcesBuildPhase;
			buildActionMask = 2147483647;
			files = (
				356D804626EC150F005B98FD /* GameScene.swift in Sources */,
				356D804826EC150F005B98FD /* GameViewController.swift in Sources */,
				356D804026EC150F005B98FD /* AppDelegate.swift in Sources */,
			);
			runOnlyForDeploymentPostprocessing = 0;
		};
/* End PBXSourcesBuildPhase section */

/* Begin PBXVariantGroup section */
		356D804926EC150F005B98FD /* Main.storyboard */ = {
			isa = PBXVariantGroup;
			children = (
				356D804A26EC150F005B98FD /* Base */,
			);
			name = Main.storyboard;
			sourceTree = "<group>";
		};
/* End PBXVariantGroup section */

/* Begin XCBuildConfiguration section */
		356D804F26EC1517005B98FD /* Debug */ = {
			isa = XCBuildConfiguration;
			buildSettings = {
				ALWAYS_SEARCH_USER_PATHS = NO;
				CLANG_ANALYZER_NONNULL = YES;
				CLANG_ANALYZER_NUMBER_OBJECT_CONVERSION = YES_AGGRESSIVE;
				CLANG_CXX_LANGUAGE_STANDARD = "gnu++14";
				CLANG_CXX_LIBRARY = "libc++";
				CLANG_ENABLE_MODULES = YES;
				CLANG_ENABLE_OBJC_ARC = YES;
				CLANG_ENABLE_OBJC_WEAK = YES;
				CLANG_WARN_BLOCK_CAPTURE_AUTORELEASING = YES;
				CLANG_WARN_BOOL_CONVERSION = YES;
				CLANG_WARN_COMMA = YES;
				CLANG_WARN_CONSTANT_CONVERSION = YES;
				CLANG_WARN_DEPRECATED_OBJC_IMPLEMENTATIONS = YES;
				CLANG_WARN_DIRECT_OBJC_ISA_USAGE = YES_ERROR;
				CLANG_WARN_DOCUMENTATION_COMMENTS = YES;
				CLANG_WARN_EMPTY_BODY = YES;
				CLANG_WARN_ENUM_CONVERSION = YES;
				CLANG_WARN_INFINITE_RECURSION = YES;
				CLANG_WARN_INT_CONVERSION = YES;
				CLANG_WARN_NON_LITERAL_NULL_CONVERSION = YES;
				CLANG_WARN_OBJC_IMPLICIT_RETAIN_SELF = YES;
				CLANG_WARN_OBJC_LITERAL_CONVERSION = YES;
				CLANG_WARN_OBJC_ROOT_CLASS = YES_ERROR;
				CLANG_WARN_QUOTED_INCLUDE_IN_FRAMEWORK_HEADER = YES;
				CLANG_WARN_RANGE_LOOP_ANALYSIS = YES;
				CLANG_WARN_STRICT_PROTOTYPES = YES;
				CLANG_WARN_SUSPICIOUS_MOVE = YES;
				CLANG_WARN_UNGUARDED_AVAILABILITY = YES_AGGRESSIVE;
				CLANG_WARN_UNREACHABLE_CODE = YES;
				CLANG_WARN__DUPLICATE_METHOD_MATCH = YES;
				COPY_PHASE_STRIP = NO;
				DEBUG_INFORMATION_FORMAT = dwarf;
				ENABLE_STRICT_OBJC_MSGSEND = YES;
				ENABLE_TESTABILITY = YES;
				GCC_C_LANGUAGE_STANDARD = gnu11;
				GCC_DYNAMIC_NO_PIC = NO;
				GCC_NO_COMMON_BLOCKS = YES;
				GCC_OPTIMIZATION_LEVEL = 0;
				GCC_PREPROCESSOR_DEFINITIONS = (
					"DEBUG=1",
					"$(inherited)",
				);
				GCC_WARN_64_TO_32_BIT_CONVERSION = YES;
				GCC_WARN_ABOUT_RETURN_TYPE = YES_ERROR;
				GCC_WARN_UNDECLARED_SELECTOR = YES;
				GCC_WARN_UNINITIALIZED_AUTOS = YES_AGGRESSIVE;
				GCC_WARN_UNUSED_FUNCTION = YES;
				GCC_WARN_UNUSED_VARIABLE = YES;
				IPHONEOS_DEPLOYMENT_TARGET = 14.5;
				MTL_ENABLE_DEBUG_INFO = INCLUDE_SOURCE;
				MTL_FAST_MATH = YES;
				ONLY_ACTIVE_ARCH = YES;
				SDKROOT = iphoneos;
				SWIFT_ACTIVE_COMPILATION_CONDITIONS = DEBUG;
				SWIFT_OPTIMIZATION_LEVEL = "-Onone";
			};
			name = Debug;
		};
		356D805026EC1517005B98FD /* Release */ = {
			isa = XCBuildConfiguration;
			buildSettings = {
				ALWAYS_SEARCH_USER_PATHS = NO;
				CLANG_ANALYZER_NONNULL = YES;
				CLANG_ANALYZER_NUMBER_OBJECT_CONVERSION = YES_AGGRESSIVE;
				CLANG_CXX_LANGUAGE_STANDARD = "gnu++14";
				CLANG_CXX_LIBRARY = "libc++";
				CLANG_ENABLE_MODULES = YES;
				CLANG_ENABLE_OBJC_ARC = YES;
				CLANG_ENABLE_OBJC_WEAK = YES;
				CLANG_WARN_BLOCK_CAPTURE_AUTORELEASING = YES;
				CLANG_WARN_BOOL_CONVERSION = YES;
				CLANG_WARN_COMMA = YES;
				CLANG_WARN_CONSTANT_CONVERSION = YES;
				CLANG_WARN_DEPRECATED_OBJC_IMPLEMENTATIONS = YES;
				CLANG_WARN_DIRECT_OBJC_ISA_USAGE = YES_ERROR;
				CLANG_WARN_DOCUMENTATION_COMMENTS = YES;
				CLANG_WARN_EMPTY_BODY = YES;
				CLANG_WARN_ENUM_CONVERSION = YES;
				CLANG_WARN_INFINITE_RECURSION = YES;
				CLANG_WARN_INT_CONVERSION = YES;
				CLANG_WARN_NON_LITERAL_NULL_CONVERSION = YES;
				CLANG_WARN_OBJC_IMPLICIT_RETAIN_SELF = YES;
				CLANG_WARN_OBJC_LITERAL_CONVERSION = YES;
				CLANG_WARN_OBJC_ROOT_CLASS = YES_ERROR;
				CLANG_WARN_QUOTED_INCLUDE_IN_FRAMEWORK_HEADER = YES;
				CLANG_WARN_RANGE_LOOP_ANALYSIS = YES;
				CLANG_WARN_STRICT_PROTOTYPES = YES;
				CLANG_WARN_SUSPICIOUS_MOVE = YES;
				CLANG_WARN_UNGUARDED_AVAILABILITY = YES_AGGRESSIVE;
				CLANG_WARN_UNREACHABLE_CODE = YES;
				CLANG_WARN__DUPLICATE_METHOD_MATCH = YES;
				COPY_PHASE_STRIP = NO;
				DEBUG_INFORMATION_FORMAT = "dwarf-with-dsym";
				ENABLE_NS_ASSERTIONS = NO;
				ENABLE_STRICT_OBJC_MSGSEND = YES;
				GCC_C_LANGUAGE_STANDARD = gnu11;
				GCC_NO_COMMON_BLOCKS = YES;
				GCC_WARN_64_TO_32_BIT_CONVERSION = YES;
				GCC_WARN_ABOUT_RETURN_TYPE = YES_ERROR;
				GCC_WARN_UNDECLARED_SELECTOR = YES;
				GCC_WARN_UNINITIALIZED_AUTOS = YES_AGGRESSIVE;
				GCC_WARN_UNUSED_FUNCTION = YES;
				GCC_WARN_UNUSED_VARIABLE = YES;
				IPHONEOS_DEPLOYMENT_TARGET = 14.5;
				MTL_ENABLE_DEBUG_INFO = NO;
				MTL_FAST_MATH = YES;
				SDKROOT = iphoneos;
				SWIFT_COMPILATION_MODE = wholemodule;
				SWIFT_OPTIMIZATION_LEVEL = "-O";
				VALIDATE_PRODUCT = YES;
			};
			name = Release;
		};
		356D805226EC1517005B98FD /* Debug */ = {
			isa = XCBuildConfiguration;
			buildSettings = {
				ASSETCATALOG_COMPILER_APPICON_NAME = AppIcon;
				ASSETCATALOG_COMPILER_GLOBAL_ACCENT_COLOR_NAME = AccentColor;
				CODE_SIGN_STYLE = Automatic;
				DEVELOPMENT_TEAM = T3MR29W6ZQ;
				INFOPLIST_FILE = "shooting-game/Info.plist";
				LD_RUNPATH_SEARCH_PATHS = (
					"$(inherited)",
					"@executable_path/Frameworks",
				);
				PRODUCT_BUNDLE_IDENTIFIER = "com.nao.shooting-game";
				PRODUCT_NAME = "$(TARGET_NAME)";
				SWIFT_VERSION = 5.0;
				TARGETED_DEVICE_FAMILY = "1,2";
			};
			name = Debug;
		};
		356D805326EC1517005B98FD /* Release */ = {
			isa = XCBuildConfiguration;
			buildSettings = {
				ASSETCATALOG_COMPILER_APPICON_NAME = AppIcon;
				ASSETCATALOG_COMPILER_GLOBAL_ACCENT_COLOR_NAME = AccentColor;
				CODE_SIGN_STYLE = Automatic;
				DEVELOPMENT_TEAM = T3MR29W6ZQ;
				INFOPLIST_FILE = "shooting-game/Info.plist";
				LD_RUNPATH_SEARCH_PATHS = (
					"$(inherited)",
					"@executable_path/Frameworks",
				);
				PRODUCT_BUNDLE_IDENTIFIER = "com.nao.shooting-game";
				PRODUCT_NAME = "$(TARGET_NAME)";
				SWIFT_VERSION = 5.0;
				TARGETED_DEVICE_FAMILY = "1,2";
			};
			name = Release;
		};
/* End XCBuildConfiguration section */

/* Begin XCConfigurationList section */
		356D803726EC150F005B98FD /* Build configuration list for PBXProject "shooting-game" */ = {
			isa = XCConfigurationList;
			buildConfigurations = (
				356D804F26EC1517005B98FD /* Debug */,
				356D805026EC1517005B98FD /* Release */,
			);
			defaultConfigurationIsVisible = 0;
			defaultConfigurationName = Release;
		};
		356D805126EC1517005B98FD /* Build configuration list for PBXNativeTarget "shooting-game" */ = {
			isa = XCConfigurationList;
			buildConfigurations = (
				356D805226EC1517005B98FD /* Debug */,
				356D805326EC1517005B98FD /* Release */,
			);
			defaultConfigurationIsVisible = 0;
			defaultConfigurationName = Release;
		};
/* End XCConfigurationList section */
	};
	rootObject = 356D803426EC150F005B98FD /* Project object */;
}
